
Microsoft Visual Studio Solution File, Format Version 12.00
# Visual Studio Version 17
VisualStudioVersion = 17.8.34330.188
MinimumVisualStudioVersion = 10.0.40219.1
Project("{FAE04EC0-301F-11D3-BF4B-00C04F79EFBC}") = "WebAppMVCSchool", "WebAppMVCSchool\WebAppMVCSchool.csproj", "{4FD3E4FA-47A9-43CB-9092-4E46AE9982C7}"
EndProject
Global
	GlobalSection(SolutionConfigurationPlatforms) = preSolution
		Debug|Any CPU = Debug|Any CPU
		Release|Any CPU = Release|Any CPU
	EndGlobalSection
	GlobalSection(ProjectConfigurationPlatforms) = postSolution
		{4FD3E4FA-47A9-43CB-9092-4E46AE9982C7}.Debug|Any CPU.ActiveCfg = Debug|Any CPU
		{4FD3E4FA-47A9-43CB-9092-4E46AE9982C7}.Debug|Any CPU.Build.0 = Debug|Any CPU
		{4FD3E4FA-47A9-43CB-9092-4E46AE9982C7}.Release|Any CPU.ActiveCfg = Release|Any CPU
		{4FD3E4FA-47A9-43CB-9092-4E46AE9982C7}.Release|Any CPU.Build.0 = Release|Any CPU
	EndGlobalSection
	GlobalSection(SolutionProperties) = preSolution
		HideSolutionNode = FALSE
	EndGlobalSection
	GlobalSection(ExtensibilityGlobals) = postSolution
		SolutionGuid = {865A7317-F3E9-406F-A0C1-87DF5BAE2806}
	EndGlobalSection
EndGlobal
